
Microsoft Visual Studio Solution File, Format Version 12.00
# Visual Studio 15
VisualStudioVersion = 15.0.26730.16
MinimumVisualStudioVersion = 10.0.40219.1
Project("{FAE04EC0-301F-11D3-BF4B-00C04F79EFBC}") = "XamarinControlesProyecto.Android", "XamarinControlesProyecto\XamarinControlesProyecto.Android\XamarinControlesProyecto.Android.csproj", "{B04DD9B4-87F7-4F7D-B1D1-49C452930530}"
EndProject
Project("{FAE04EC0-301F-11D3-BF4B-00C04F79EFBC}") = "XamarinControlesProyecto", "XamarinControlesProyecto\XamarinControlesProyecto\XamarinControlesProyecto.csproj", "{FE43F787-ED77-461B-8BB5-A55FC57DC1C7}"
EndProject
Project("{FAE04EC0-301F-11D3-BF4B-00C04F79EFBC}") = "XamarinControlesProyecto.UWP", "XamarinControlesProyecto\XamarinControlesProyecto.UWP\XamarinControlesProyecto.UWP.csproj", "{A7C8A1D7-6713-468E-BB94-7A1A2EDC053C}"
EndProject
Global
	GlobalSection(SolutionConfigurationPlatforms) = preSolution
		Ad-Hoc|Any CPU = Ad-Hoc|Any CPU
		Ad-Hoc|ARM = Ad-Hoc|ARM
		Ad-Hoc|iPhone = Ad-Hoc|iPhone
		Ad-Hoc|iPhoneSimulator = Ad-Hoc|iPhoneSimulator
		Ad-Hoc|x64 = Ad-Hoc|x64
		Ad-Hoc|x86 = Ad-Hoc|x86
		AppStore|Any CPU = AppStore|Any CPU
		AppStore|ARM = AppStore|ARM
		AppStore|iPhone = AppStore|iPhone
		AppStore|iPhoneSimulator = AppStore|iPhoneSimulator
		AppStore|x64 = AppStore|x64
		AppStore|x86 = AppStore|x86
		Debug|Any CPU = Debug|Any CPU
		Debug|ARM = Debug|ARM
		Debug|iPhone = Debug|iPhone
		Debug|iPhoneSimulator = Debug|iPhoneSimulator
		Debug|x64 = Debug|x64
		Debug|x86 = Debug|x86
		Release|Any CPU = Release|Any CPU
		Release|ARM = Release|ARM
		Release|iPhone = Release|iPhone
		Release|iPhoneSimulator = Release|iPhoneSimulator
		Release|x64 = Release|x64
		Release|x86 = Release|x86
	EndGlobalSection
	GlobalSection(ProjectConfigurationPlatforms) = postSolution
		{B04DD9B4-87F7-4F7D-B1D1-49C452930530}.Ad-Hoc|Any CPU.ActiveCfg = Release|Any CPU
		{B04DD9B4-87F7-4F7D-B1D1-49C452930530}.Ad-Hoc|Any CPU.Build.0 = Release|Any CPU
		{B04DD9B4-87F7-4F7D-B1D1-49C452930530}.Ad-Hoc|Any CPU.Deploy.0 = Release|Any CPU
		{B04DD9B4-87F7-4F7D-B1D1-49C452930530}.Ad-Hoc|ARM.ActiveCfg = Release|Any CPU
		{B04DD9B4-87F7-4F7D-B1D1-49C452930530}.Ad-Hoc|ARM.Build.0 = Release|Any CPU
		{B04DD9B4-87F7-4F7D-B1D1-49C452930530}.Ad-Hoc|ARM.Deploy.0 = Release|Any CPU
		{B04DD9B4-87F7-4F7D-B1D1-49C452930530}.Ad-Hoc|iPhone.ActiveCfg = Release|Any CPU
		{B04DD9B4-87F7-4F7D-B1D1-49C452930530}.Ad-Hoc|iPhone.Build.0 = Release|Any CPU
		{B04DD9B4-87F7-4F7D-B1D1-49C452930530}.Ad-Hoc|iPhone.Deploy.0 = Release|Any CPU
		{B04DD9B4-87F7-4F7D-B1D1-49C452930530}.Ad-Hoc|iPhoneSimulator.ActiveCfg = Release|Any CPU
		{B04DD9B4-87F7-4F7D-B1D1-49C452930530}.Ad-Hoc|iPhoneSimulator.Build.0 = Release|Any CPU
		{B04DD9B4-87F7-4F7D-B1D1-49C452930530}.Ad-Hoc|iPhoneSimulator.Deploy.0 = Release|Any CPU
		{B04DD9B4-87F7-4F7D-B1D1-49C452930530}.Ad-Hoc|x64.ActiveCfg = Release|Any CPU
		{B04DD9B4-87F7-4F7D-B1D1-49C452930530}.Ad-Hoc|x64.Build.0 = Release|Any CPU
		{B04DD9B4-87F7-4F7D-B1D1-49C452930530}.Ad-Hoc|x64.Deploy.0 = Release|Any CPU
		{B04DD9B4-87F7-4F7D-B1D1-49C452930530}.Ad-Hoc|x86.ActiveCfg = Release|Any CPU
		{B04DD9B4-87F7-4F7D-B1D1-49C452930530}.Ad-Hoc|x86.Build.0 = Release|Any CPU
		{B04DD9B4-87F7-4F7D-B1D1-49C452930530}.Ad-Hoc|x86.Deploy.0 = Release|Any CPU
		{B04DD9B4-87F7-4F7D-B1D1-49C452930530}.AppStore|Any CPU.ActiveCfg = Release|Any CPU
		{B04DD9B4-87F7-4F7D-B1D1-49C452930530}.AppStore|Any CPU.Build.0 = Release|Any CPU
		{B04DD9B4-87F7-4F7D-B1D1-49C452930530}.AppStore|Any CPU.Deploy.0 = Release|Any CPU
		{B04DD9B4-87F7-4F7D-B1D1-49C452930530}.AppStore|ARM.ActiveCfg = Release|Any CPU
		{B04DD9B4-87F7-4F7D-B1D1-49C452930530}.AppStore|ARM.Build.0 = Release|Any CPU
		{B04DD9B4-87F7-4F7D-B1D1-49C452930530}.AppStore|ARM.Deploy.0 = Release|Any CPU
		{B04DD9B4-87F7-4F7D-B1D1-49C452930530}.AppStore|iPhone.ActiveCfg = Release|Any CPU
		{B04DD9B4-87F7-4F7D-B1D1-49C452930530}.AppStore|iPhone.Build.0 = Release|Any CPU
		{B04DD9B4-87F7-4F7D-B1D1-49C452930530}.AppStore|iPhone.Deploy.0 = Release|Any CPU
		{B04DD9B4-87F7-4F7D-B1D1-49C452930530}.AppStore|iPhoneSimulator.ActiveCfg = Release|Any CPU
		{B04DD9B4-87F7-4F7D-B1D1-49C452930530}.AppStore|iPhoneSimulator.Build.0 = Release|Any CPU
		{B04DD9B4-87F7-4F7D-B1D1-49C452930530}.AppStore|iPhoneSimulator.Deploy.0 = Release|Any CPU
		{B04DD9B4-87F7-4F7D-B1D1-49C452930530}.AppStore|x64.ActiveCfg = Release|Any CPU
		{B04DD9B4-87F7-4F7D-B1D1-49C452930530}.AppStore|x64.Build.0 = Release|Any CPU
		{B04DD9B4-87F7-4F7D-B1D1-49C452930530}.AppStore|x64.Deploy.0 = Release|Any CPU
		{B04DD9B4-87F7-4F7D-B1D1-49C452930530}.AppStore|x86.ActiveCfg = Release|Any CPU
		{B04DD9B4-87F7-4F7D-B1D1-49C452930530}.AppStore|x86.Build.0 = Release|Any CPU
		{B04DD9B4-87F7-4F7D-B1D1-49C452930530}.AppStore|x86.Deploy.0 = Release|Any CPU
		{B04DD9B4-87F7-4F7D-B1D1-49C452930530}.Debug|Any CPU.ActiveCfg = Debug|Any CPU
		{B04DD9B4-87F7-4F7D-B1D1-49C452930530}.Debug|Any CPU.Build.0 = Debug|Any CPU
		{B04DD9B4-87F7-4F7D-B1D1-49C452930530}.Debug|Any CPU.Deploy.0 = Debug|Any CPU
		{B04DD9B4-87F7-4F7D-B1D1-49C452930530}.Debug|ARM.ActiveCfg = Debug|Any CPU
		{B04DD9B4-87F7-4F7D-B1D1-49C452930530}.Debug|ARM.Build.0 = Debug|Any CPU
		{B04DD9B4-87F7-4F7D-B1D1-49C452930530}.Debug|ARM.Deploy.0 = Debug|Any CPU
		{B04DD9B4-87F7-4F7D-B1D1-49C452930530}.Debug|iPhone.ActiveCfg = Debug|Any CPU
		{B04DD9B4-87F7-4F7D-B1D1-49C452930530}.Debug|iPhone.Build.0 = Debug|Any CPU
		{B04DD9B4-87F7-4F7D-B1D1-49C452930530}.Debug|iPhone.Deploy.0 = Debug|Any CPU
		{B04DD9B4-87F7-4F7D-B1D1-49C452930530}.Debug|iPhoneSimulator.ActiveCfg = Debug|Any CPU
		{B04DD9B4-87F7-4F7D-B1D1-49C452930530}.Debug|iPhoneSimulator.Build.0 = Debug|Any CPU
		{B04DD9B4-87F7-4F7D-B1D1-49C452930530}.Debug|iPhoneSimulator.Deploy.0 = Debug|Any CPU
		{B04DD9B4-87F7-4F7D-B1D1-49C452930530}.Debug|x64.ActiveCfg = Debug|Any CPU
		{B04DD9B4-87F7-4F7D-B1D1-49C452930530}.Debug|x64.Build.0 = Debug|Any CPU
		{B04DD9B4-87F7-4F7D-B1D1-49C452930530}.Debug|x64.Deploy.0 = Debug|Any CPU
		{B04DD9B4-87F7-4F7D-B1D1-49C452930530}.Debug|x86.ActiveCfg = Debug|Any CPU
		{B04DD9B4-87F7-4F7D-B1D1-49C452930530}.Debug|x86.Build.0 = Debug|Any CPU
		{B04DD9B4-87F7-4F7D-B1D1-49C452930530}.Debug|x86.Deploy.0 = Debug|Any CPU
		{B04DD9B4-87F7-4F7D-B1D1-49C452930530}.Release|Any CPU.ActiveCfg = Release|Any CPU
		{B04DD9B4-87F7-4F7D-B1D1-49C452930530}.Release|Any CPU.Build.0 = Release|Any CPU
		{B04DD9B4-87F7-4F7D-B1D1-49C452930530}.Release|Any CPU.Deploy.0 = Release|Any CPU
		{B04DD9B4-87F7-4F7D-B1D1-49C452930530}.Release|ARM.ActiveCfg = Release|Any CPU
		{B04DD9B4-87F7-4F7D-B1D1-49C452930530}.Release|ARM.Build.0 = Release|Any CPU
		{B04DD9B4-87F7-4F7D-B1D1-49C452930530}.Release|ARM.Deploy.0 = Release|Any CPU
		{B04DD9B4-87F7-4F7D-B1D1-49C452930530}.Release|iPhone.ActiveCfg = Release|Any CPU
		{B04DD9B4-87F7-4F7D-B1D1-49C452930530}.Release|iPhone.Build.0 = Release|Any CPU
		{B04DD9B4-87F7-4F7D-B1D1-49C452930530}.Release|iPhone.Deploy.0 = Release|Any CPU
		{B04DD9B4-87F7-4F7D-B1D1-49C452930530}.Release|iPhoneSimulator.ActiveCfg = Release|Any CPU
		{B04DD9B4-87F7-4F7D-B1D1-49C452930530}.Release|iPhoneSimulator.Build.0 = Release|Any CPU
		{B04DD9B4-87F7-4F7D-B1D1-49C452930530}.Release|iPhoneSimulator.Deploy.0 = Release|Any CPU
		{B04DD9B4-87F7-4F7D-B1D1-49C452930530}.Release|x64.ActiveCfg = Release|Any CPU
		{B04DD9B4-87F7-4F7D-B1D1-49C452930530}.Release|x64.Build.0 = Release|Any CPU
		{B04DD9B4-87F7-4F7D-B1D1-49C452930530}.Release|x64.Deploy.0 = Release|Any CPU
		{B04DD9B4-87F7-4F7D-B1D1-49C452930530}.Release|x86.ActiveCfg = Release|Any CPU
		{B04DD9B4-87F7-4F7D-B1D1-49C452930530}.Release|x86.Build.0 = Release|Any CPU
		{B04DD9B4-87F7-4F7D-B1D1-49C452930530}.Release|x86.Deploy.0 = Release|Any CPU
		{FE43F787-ED77-461B-8BB5-A55FC57DC1C7}.Ad-Hoc|Any CPU.ActiveCfg = Release|Any CPU
		{FE43F787-ED77-461B-8BB5-A55FC57DC1C7}.Ad-Hoc|Any CPU.Build.0 = Release|Any CPU
		{FE43F787-ED77-461B-8BB5-A55FC57DC1C7}.Ad-Hoc|ARM.ActiveCfg = Release|Any CPU
		{FE43F787-ED77-461B-8BB5-A55FC57DC1C7}.Ad-Hoc|ARM.Build.0 = Release|Any CPU
		{FE43F787-ED77-461B-8BB5-A55FC57DC1C7}.Ad-Hoc|iPhone.ActiveCfg = Release|Any CPU
		{FE43F787-ED77-461B-8BB5-A55FC57DC1C7}.Ad-Hoc|iPhone.Build.0 = Release|Any CPU
		{FE43F787-ED77-461B-8BB5-A55FC57DC1C7}.Ad-Hoc|iPhoneSimulator.ActiveCfg = Release|Any CPU
		{FE43F787-ED77-461B-8BB5-A55FC57DC1C7}.Ad-Hoc|iPhoneSimulator.Build.0 = Release|Any CPU
		{FE43F787-ED77-461B-8BB5-A55FC57DC1C7}.Ad-Hoc|x64.ActiveCfg = Release|Any CPU
		{FE43F787-ED77-461B-8BB5-A55FC57DC1C7}.Ad-Hoc|x64.Build.0 = Release|Any CPU
		{FE43F787-ED77-461B-8BB5-A55FC57DC1C7}.Ad-Hoc|x86.ActiveCfg = Release|Any CPU
		{FE43F787-ED77-461B-8BB5-A55FC57DC1C7}.Ad-Hoc|x86.Build.0 = Release|Any CPU
		{FE43F787-ED77-461B-8BB5-A55FC57DC1C7}.AppStore|Any CPU.ActiveCfg = Release|Any CPU
		{FE43F787-ED77-461B-8BB5-A55FC57DC1C7}.AppStore|Any CPU.Build.0 = Release|Any CPU
		{FE43F787-ED77-461B-8BB5-A55FC57DC1C7}.AppStore|ARM.ActiveCfg = Release|Any CPU
		{FE43F787-ED77-461B-8BB5-A55FC57DC1C7}.AppStore|ARM.Build.0 = Release|Any CPU
		{FE43F787-ED77-461B-8BB5-A55FC57DC1C7}.AppStore|iPhone.ActiveCfg = Release|Any CPU
		{FE43F787-ED77-461B-8BB5-A55FC57DC1C7}.AppStore|iPhone.Build.0 = Release|Any CPU
		{FE43F787-ED77-461B-8BB5-A55FC57DC1C7}.AppStore|iPhoneSimulator.ActiveCfg = Release|Any CPU
		{FE43F787-ED77-461B-8BB5-A55FC57DC1C7}.AppStore|iPhoneSimulator.Build.0 = Release|Any CPU
		{FE43F787-ED77-461B-8BB5-A55FC57DC1C7}.AppStore|x64.ActiveCfg = Release|Any CPU
		{FE43F787-ED77-461B-8BB5-A55FC57DC1C7}.AppStore|x64.Build.0 = Release|Any CPU
		{FE43F787-ED77-461B-8BB5-A55FC57DC1C7}.AppStore|x86.ActiveCfg = Release|Any CPU
		{FE43F787-ED77-461B-8BB5-A55FC57DC1C7}.AppStore|x86.Build.0 = Release|Any CPU
		{FE43F787-ED77-461B-8BB5-A55FC57DC1C7}.Debug|Any CPU.ActiveCfg = Debug|Any CPU
		{FE43F787-ED77-461B-8BB5-A55FC57DC1C7}.Debug|Any CPU.Build.0 = Debug|Any CPU
		{FE43F787-ED77-461B-8BB5-A55FC57DC1C7}.Debug|ARM.ActiveCfg = Debug|Any CPU
		{FE43F787-ED77-461B-8BB5-A55FC57DC1C7}.Debug|ARM.Build.0 = Debug|Any CPU
		{FE43F787-ED77-461B-8BB5-A55FC57DC1C7}.Debug|iPhone.ActiveCfg = Debug|Any CPU
		{FE43F787-ED77-461B-8BB5-A55FC57DC1C7}.Debug|iPhone.Build.0 = Debug|Any CPU
		{FE43F787-ED77-461B-8BB5-A55FC57DC1C7}.Debug|iPhoneSimulator.ActiveCfg = Debug|Any CPU
		{FE43F787-ED77-461B-8BB5-A55FC57DC1C7}.Debug|iPhoneSimulator.Build.0 = Debug|Any CPU
		{FE43F787-ED77-461B-8BB5-A55FC57DC1C7}.Debug|x64.ActiveCfg = Debug|Any CPU
		{FE43F787-ED77-461B-8BB5-A55FC57DC1C7}.Debug|x64.Build.0 = Debug|Any CPU
		{FE43F787-ED77-461B-8BB5-A55FC57DC1C7}.Debug|x86.ActiveCfg = Debug|Any CPU
		{FE43F787-ED77-461B-8BB5-A55FC57DC1C7}.Debug|x86.Build.0 = Debug|Any CPU
		{FE43F787-ED77-461B-8BB5-A55FC57DC1C7}.Release|Any CPU.ActiveCfg = Release|Any CPU
		{FE43F787-ED77-461B-8BB5-A55FC57DC1C7}.Release|Any CPU.Build.0 = Release|Any CPU
		{FE43F787-ED77-461B-8BB5-A55FC57DC1C7}.Release|ARM.ActiveCfg = Release|Any CPU
		{FE43F787-ED77-461B-8BB5-A55FC57DC1C7}.Release|ARM.Build.0 = Release|Any CPU
		{FE43F787-ED77-461B-8BB5-A55FC57DC1C7}.Release|iPhone.ActiveCfg = Release|Any CPU
		{FE43F787-ED77-461B-8BB5-A55FC57DC1C7}.Release|iPhone.Build.0 = Release|Any CPU
		{FE43F787-ED77-461B-8BB5-A55FC57DC1C7}.Release|iPhoneSimulator.ActiveCfg = Release|Any CPU
		{FE43F787-ED77-461B-8BB5-A55FC57DC1C7}.Release|iPhoneSimulator.Build.0 = Release|Any CPU
		{FE43F787-ED77-461B-8BB5-A55FC57DC1C7}.Release|x64.ActiveCfg = Release|Any CPU
		{FE43F787-ED77-461B-8BB5-A55FC57DC1C7}.Release|x64.Build.0 = Release|Any CPU
		{FE43F787-ED77-461B-8BB5-A55FC57DC1C7}.Release|x86.ActiveCfg = Release|Any CPU
		{FE43F787-ED77-461B-8BB5-A55FC57DC1C7}.Release|x86.Build.0 = Release|Any CPU
		{A7C8A1D7-6713-468E-BB94-7A1A2EDC053C}.Ad-Hoc|Any CPU.ActiveCfg = Release|x86
		{A7C8A1D7-6713-468E-BB94-7A1A2EDC053C}.Ad-Hoc|Any CPU.Build.0 = Release|x86
		{A7C8A1D7-6713-468E-BB94-7A1A2EDC053C}.Ad-Hoc|Any CPU.Deploy.0 = Release|x86
		{A7C8A1D7-6713-468E-BB94-7A1A2EDC053C}.Ad-Hoc|ARM.ActiveCfg = Release|ARM
		{A7C8A1D7-6713-468E-BB94-7A1A2EDC053C}.Ad-Hoc|ARM.Build.0 = Release|ARM
		{A7C8A1D7-6713-468E-BB94-7A1A2EDC053C}.Ad-Hoc|ARM.Deploy.0 = Release|ARM
		{A7C8A1D7-6713-468E-BB94-7A1A2EDC053C}.Ad-Hoc|iPhone.ActiveCfg = Release|x86
		{A7C8A1D7-6713-468E-BB94-7A1A2EDC053C}.Ad-Hoc|iPhone.Build.0 = Release|x86
		{A7C8A1D7-6713-468E-BB94-7A1A2EDC053C}.Ad-Hoc|iPhone.Deploy.0 = Release|x86
		{A7C8A1D7-6713-468E-BB94-7A1A2EDC053C}.Ad-Hoc|iPhoneSimulator.ActiveCfg = Release|x86
		{A7C8A1D7-6713-468E-BB94-7A1A2EDC053C}.Ad-Hoc|iPhoneSimulator.Build.0 = Release|x86
		{A7C8A1D7-6713-468E-BB94-7A1A2EDC053C}.Ad-Hoc|iPhoneSimulator.Deploy.0 = Release|x86
		{A7C8A1D7-6713-468E-BB94-7A1A2EDC053C}.Ad-Hoc|x64.ActiveCfg = Release|x64
		{A7C8A1D7-6713-468E-BB94-7A1A2EDC053C}.Ad-Hoc|x64.Build.0 = Release|x64
		{A7C8A1D7-6713-468E-BB94-7A1A2EDC053C}.Ad-Hoc|x64.Deploy.0 = Release|x64
		{A7C8A1D7-6713-468E-BB94-7A1A2EDC053C}.Ad-Hoc|x86.ActiveCfg = Release|x86
		{A7C8A1D7-6713-468E-BB94-7A1A2EDC053C}.Ad-Hoc|x86.Build.0 = Release|x86
		{A7C8A1D7-6713-468E-BB94-7A1A2EDC053C}.Ad-Hoc|x86.Deploy.0 = Release|x86
		{A7C8A1D7-6713-468E-BB94-7A1A2EDC053C}.AppStore|Any CPU.ActiveCfg = Release|x86
		{A7C8A1D7-6713-468E-BB94-7A1A2EDC053C}.AppStore|Any CPU.Build.0 = Release|x86
		{A7C8A1D7-6713-468E-BB94-7A1A2EDC053C}.AppStore|Any CPU.Deploy.0 = Release|x86
		{A7C8A1D7-6713-468E-BB94-7A1A2EDC053C}.AppStore|ARM.ActiveCfg = Release|ARM
		{A7C8A1D7-6713-468E-BB94-7A1A2EDC053C}.AppStore|ARM.Build.0 = Release|ARM
		{A7C8A1D7-6713-468E-BB94-7A1A2EDC053C}.AppStore|ARM.Deploy.0 = Release|ARM
		{A7C8A1D7-6713-468E-BB94-7A1A2EDC053C}.AppStore|iPhone.ActiveCfg = Release|x86
		{A7C8A1D7-6713-468E-BB94-7A1A2EDC053C}.AppStore|iPhone.Build.0 = Release|x86
		{A7C8A1D7-6713-468E-BB94-7A1A2EDC053C}.AppStore|iPhone.Deploy.0 = Release|x86
		{A7C8A1D7-6713-468E-BB94-7A1A2EDC053C}.AppStore|iPhoneSimulator.ActiveCfg = Release|x86
		{A7C8A1D7-6713-468E-BB94-7A1A2EDC053C}.AppStore|iPhoneSimulator.Build.0 = Release|x86
		{A7C8A1D7-6713-468E-BB94-7A1A2EDC053C}.AppStore|iPhoneSimulator.Deploy.0 = Release|x86
		{A7C8A1D7-6713-468E-BB94-7A1A2EDC053C}.AppStore|x64.ActiveCfg = Release|x64
		{A7C8A1D7-6713-468E-BB94-7A1A2EDC053C}.AppStore|x64.Build.0 = Release|x64
		{A7C8A1D7-6713-468E-BB94-7A1A2EDC053C}.AppStore|x64.Deploy.0 = Release|x64
		{A7C8A1D7-6713-468E-BB94-7A1A2EDC053C}.AppStore|x86.ActiveCfg = Release|x86
		{A7C8A1D7-6713-468E-BB94-7A1A2EDC053C}.AppStore|x86.Build.0 = Release|x86
		{A7C8A1D7-6713-468E-BB94-7A1A2EDC053C}.AppStore|x86.Deploy.0 = Release|x86
		{A7C8A1D7-6713-468E-BB94-7A1A2EDC053C}.Debug|Any CPU.ActiveCfg = Debug|x86
		{A7C8A1D7-6713-468E-BB94-7A1A2EDC053C}.Debug|ARM.ActiveCfg = Debug|ARM
		{A7C8A1D7-6713-468E-BB94-7A1A2EDC053C}.Debug|ARM.Build.0 = Debug|ARM
		{A7C8A1D7-6713-468E-BB94-7A1A2EDC053C}.Debug|ARM.Deploy.0 = Debug|ARM
		{A7C8A1D7-6713-468E-BB94-7A1A2EDC053C}.Debug|iPhone.ActiveCfg = Debug|x86
		{A7C8A1D7-6713-468E-BB94-7A1A2EDC053C}.Debug|iPhoneSimulator.ActiveCfg = Debug|x86
		{A7C8A1D7-6713-468E-BB94-7A1A2EDC053C}.Debug|x64.ActiveCfg = Debug|x64
		{A7C8A1D7-6713-468E-BB94-7A1A2EDC053C}.Debug|x64.Build.0 = Debug|x64
		{A7C8A1D7-6713-468E-BB94-7A1A2EDC053C}.Debug|x64.Deploy.0 = Debug|x64
		{A7C8A1D7-6713-468E-BB94-7A1A2EDC053C}.Debug|x86.ActiveCfg = Debug|x86
		{A7C8A1D7-6713-468E-BB94-7A1A2EDC053C}.Debug|x86.Build.0 = Debug|x86
		{A7C8A1D7-6713-468E-BB94-7A1A2EDC053C}.Debug|x86.Deploy.0 = Debug|x86
		{A7C8A1D7-6713-468E-BB94-7A1A2EDC053C}.Release|Any CPU.ActiveCfg = Release|x86
		{A7C8A1D7-6713-468E-BB94-7A1A2EDC053C}.Release|ARM.ActiveCfg = Release|ARM
		{A7C8A1D7-6713-468E-BB94-7A1A2EDC053C}.Release|ARM.Build.0 = Release|ARM
		{A7C8A1D7-6713-468E-BB94-7A1A2EDC053C}.Release|ARM.Deploy.0 = Release|ARM
		{A7C8A1D7-6713-468E-BB94-7A1A2EDC053C}.Release|iPhone.ActiveCfg = Release|x86
		{A7C8A1D7-6713-468E-BB94-7A1A2EDC053C}.Release|iPhoneSimulator.ActiveCfg = Release|x86
		{A7C8A1D7-6713-468E-BB94-7A1A2EDC053C}.Release|x64.ActiveCfg = Release|x64
		{A7C8A1D7-6713-468E-BB94-7A1A2EDC053C}.Release|x64.Build.0 = Release|x64
		{A7C8A1D7-6713-468E-BB94-7A1A2EDC053C}.Release|x64.Deploy.0 = Release|x64
		{A7C8A1D7-6713-468E-BB94-7A1A2EDC053C}.Release|x86.ActiveCfg = Release|x86
		{A7C8A1D7-6713-468E-BB94-7A1A2EDC053C}.Release|x86.Build.0 = Release|x86
		{A7C8A1D7-6713-468E-BB94-7A1A2EDC053C}.Release|x86.Deploy.0 = Release|x86
	EndGlobalSection
	GlobalSection(SolutionProperties) = preSolution
		HideSolutionNode = FALSE
	EndGlobalSection
	GlobalSection(ExtensibilityGlobals) = postSolution
		SolutionGuid = {B64F0916-C6C4-45DC-B1AA-6A3751A39F9D}
	EndGlobalSection
EndGlobal
